
Microsoft Visual Studio Solution File, Format Version 12.00
# Visual Studio Version 17
VisualStudioVersion = 17.8.34525.116
MinimumVisualStudioVersion = 10.0.40219.1
Project("{FAE04EC0-301F-11D3-BF4B-00C04F79EFBC}") = "TesteMTP", "TesteMTP\TesteMTP.csproj", "{C312A9A6-CA9F-470D-8331-FF528609AF30}"
EndProject
Global
	GlobalSection(SolutionConfigurationPlatforms) = preSolution
		Debug|Any CPU = Debug|Any CPU
		Release|Any CPU = Release|Any CPU
	EndGlobalSection
	GlobalSection(ProjectConfigurationPlatforms) = postSolution
		{C312A9A6-CA9F-470D-8331-FF528609AF30}.Debug|Any CPU.ActiveCfg = Debug|Any CPU
		{C312A9A6-CA9F-470D-8331-FF528609AF30}.Debug|Any CPU.Build.0 = Debug|Any CPU
		{C312A9A6-CA9F-470D-8331-FF528609AF30}.Release|Any CPU.ActiveCfg = Release|Any CPU
		{C312A9A6-CA9F-470D-8331-FF528609AF30}.Release|Any CPU.Build.0 = Release|Any CPU
	EndGlobalSection
	GlobalSection(SolutionProperties) = preSolution
		HideSolutionNode = FALSE
	EndGlobalSection
	GlobalSection(ExtensibilityGlobals) = postSolution
		SolutionGuid = {D8A64276-BAAA-4F42-8188-4CF6732EE55C}
	EndGlobalSection
EndGlobal
